
Microsoft Visual Studio Solution File, Format Version 12.00
# Visual Studio Version 17
VisualStudioVersion = 17.7.34031.279
MinimumVisualStudioVersion = 10.0.40219.1
Project("{FAE04EC0-301F-11D3-BF4B-00C04F79EFBC}") = "Když jsem já sloužil", "Když jsem já sloužil.csproj", "{45DD3AD7-F5AB-4298-ACE8-F982488F07A5}"
EndProject
Global
	GlobalSection(SolutionConfigurationPlatforms) = preSolution
		Debug|Any CPU = Debug|Any CPU
		Release|Any CPU = Release|Any CPU
	EndGlobalSection
	GlobalSection(ProjectConfigurationPlatforms) = postSolution
		{45DD3AD7-F5AB-4298-ACE8-F982488F07A5}.Debug|Any CPU.ActiveCfg = Debug|Any CPU
		{45DD3AD7-F5AB-4298-ACE8-F982488F07A5}.Debug|Any CPU.Build.0 = Debug|Any CPU
		{45DD3AD7-F5AB-4298-ACE8-F982488F07A5}.Release|Any CPU.ActiveCfg = Release|Any CPU
		{45DD3AD7-F5AB-4298-ACE8-F982488F07A5}.Release|Any CPU.Build.0 = Release|Any CPU
	EndGlobalSection
	GlobalSection(SolutionProperties) = preSolution
		HideSolutionNode = FALSE
	EndGlobalSection
	GlobalSection(ExtensibilityGlobals) = postSolution
		SolutionGuid = {EB058887-943A-4ED0-87F0-E542A7A08A95}
	EndGlobalSection
EndGlobal
